
Microsoft Visual Studio Solution File, Format Version 12.00
# Visual Studio Version 17
VisualStudioVersion = 17.8.34004.107
MinimumVisualStudioVersion = 10.0.40219.1
Project("{9A19103F-16F7-4668-BE54-9A1E7A4F7556}") = "CodingChallenge.Server", "CodingChallenge.Server\CodingChallenge.Server.csproj", "{1F7A0628-2C24-449B-98A7-A8B3E1AD21C1}"
EndProject
Project("{FAE04EC0-301F-11D3-BF4B-00C04F79EFBC}") = "CodingChallenge.Tests", "CodingChallenge.Tests\CodingChallenge.Tests.csproj", "{912F0CFF-87DA-45C4-A162-770C1AB5B045}"
EndProject
Global
	GlobalSection(SolutionConfigurationPlatforms) = preSolution
		Debug|Any CPU = Debug|Any CPU
		Release|Any CPU = Release|Any CPU
	EndGlobalSection
	GlobalSection(ProjectConfigurationPlatforms) = postSolution
		{1F7A0628-2C24-449B-98A7-A8B3E1AD21C1}.Debug|Any CPU.ActiveCfg = Debug|Any CPU
		{1F7A0628-2C24-449B-98A7-A8B3E1AD21C1}.Debug|Any CPU.Build.0 = Debug|Any CPU
		{1F7A0628-2C24-449B-98A7-A8B3E1AD21C1}.Release|Any CPU.ActiveCfg = Release|Any CPU
		{1F7A0628-2C24-449B-98A7-A8B3E1AD21C1}.Release|Any CPU.Build.0 = Release|Any CPU
		{912F0CFF-87DA-45C4-A162-770C1AB5B045}.Debug|Any CPU.ActiveCfg = Debug|Any CPU
		{912F0CFF-87DA-45C4-A162-770C1AB5B045}.Debug|Any CPU.Build.0 = Debug|Any CPU
		{912F0CFF-87DA-45C4-A162-770C1AB5B045}.Release|Any CPU.ActiveCfg = Release|Any CPU
		{912F0CFF-87DA-45C4-A162-770C1AB5B045}.Release|Any CPU.Build.0 = Release|Any CPU
	EndGlobalSection
	GlobalSection(SolutionProperties) = preSolution
		HideSolutionNode = FALSE
	EndGlobalSection
	GlobalSection(ExtensibilityGlobals) = postSolution
		SolutionGuid = {8D9F6606-644F-4825-9559-240E3F6AC6D5}
	EndGlobalSection
EndGlobal
